// !$*UTF8*$!
{
	archiveVersion = 1;
	classes = {
	};
	objectVersion = 56;
	objects = {

/* Begin PBXBuildFile section */
		D98261782C38F8CF00C88A84 /* _23455ygfdApp.swift in Sources */ = {isa = PBXBuildFile; fileRef = D98261772C38F8CF00C88A84 /* _23455ygfdApp.swift */; };
		D982617A2C38F8CF00C88A84 /* ContentView.swift in Sources */ = {isa = PBXBuildFile; fileRef = D98261792C38F8CF00C88A84 /* ContentView.swift */; };
		D982617C2C38F8D100C88A84 /* Assets.xcassets in Resources */ = {isa = PBXBuildFile; fileRef = D982617B2C38F8D100C88A84 /* Assets.xcassets */; };
		D982617F2C38F8D100C88A84 /* Preview Assets.xcassets in Resources */ = {isa = PBXBuildFile; fileRef = D982617E2C38F8D100C88A84 /* Preview Assets.xcassets */; };
		D98261892C38F8D100C88A84 /* _23455ygfdTests.swift in Sources */ = {isa = PBXBuildFile; fileRef = D98261882C38F8D100C88A84 /* _23455ygfdTests.swift */; };
		D98261932C38F8D100C88A84 /* _23455ygfdUITests.swift in Sources */ = {isa = PBXBuildFile; fileRef = D98261922C38F8D100C88A84 /* _23455ygfdUITests.swift */; };
		D98261952C38F8D100C88A84 /* _23455ygfdUITestsLaunchTests.swift in Sources */ = {isa = PBXBuildFile; fileRef = D98261942C38F8D100C88A84 /* _23455ygfdUITestsLaunchTests.swift */; };
/* End PBXBuildFile section */

/* Begin PBXContainerItemProxy section */
		D98261852C38F8D100C88A84 /* PBXContainerItemProxy */ = {
			isa = PBXContainerItemProxy;
			containerPortal = D982616C2C38F8CF00C88A84 /* Project object */;
			proxyType = 1;
			remoteGlobalIDString = D98261732C38F8CF00C88A84;
			remoteInfo = 123455ygfd;
		};
		D982618F2C38F8D100C88A84 /* PBXContainerItemProxy */ = {
			isa = PBXContainerItemProxy;
			containerPortal = D982616C2C38F8CF00C88A84 /* Project object */;
			proxyType = 1;
			remoteGlobalIDString = D98261732C38F8CF00C88A84;
			remoteInfo = 123455ygfd;
		};
/* End PBXContainerItemProxy section */

/* Begin PBXFileReference section */
		D98261742C38F8CF00C88A84 /* 123455ygfd.app */ = {isa = PBXFileReference; explicitFileType = wrapper.application; includeInIndex = 0; path = 123455ygfd.app; sourceTree = BUILT_PRODUCTS_DIR; };
		D98261772C38F8CF00C88A84 /* _23455ygfdApp.swift */ = {isa = PBXFileReference; lastKnownFileType = sourcecode.swift; path = _23455ygfdApp.swift; sourceTree = "<group>"; };
		D98261792C38F8CF00C88A84 /* ContentView.swift */ = {isa = PBXFileReference; lastKnownFileType = sourcecode.swift; path = ContentView.swift; sourceTree = "<group>"; };
		D982617B2C38F8D100C88A84 /* Assets.xcassets */ = {isa = PBXFileReference; lastKnownFileType = folder.assetcatalog; path = Assets.xcassets; sourceTree = "<group>"; };
		D982617E2C38F8D100C88A84 /* Preview Assets.xcassets */ = {isa = PBXFileReference; lastKnownFileType = folder.assetcatalog; path = "Preview Assets.xcassets"; sourceTree = "<group>"; };
		D98261842C38F8D100C88A84 /* 123455ygfdTests.xctest */ = {isa = PBXFileReference; explicitFileType = wrapper.cfbundle; includeInIndex = 0; path = 123455ygfdTests.xctest; sourceTree = BUILT_PRODUCTS_DIR; };
		D98261882C38F8D100C88A84 /* _23455ygfdTests.swift */ = {isa = PBXFileReference; lastKnownFileType = sourcecode.swift; path = _23455ygfdTests.swift; sourceTree = "<group>"; };
		D982618E2C38F8D100C88A84 /* 123455ygfdUITests.xctest */ = {isa = PBXFileReference; explicitFileType = wrapper.cfbundle; includeInIndex = 0; path = 123455ygfdUITests.xctest; sourceTree = BUILT_PRODUCTS_DIR; };
		D98261922C38F8D100C88A84 /* _23455ygfdUITests.swift */ = {isa = PBXFileReference; lastKnownFileType = sourcecode.swift; path = _23455ygfdUITests.swift; sourceTree = "<group>"; };
		D98261942C38F8D100C88A84 /* _23455ygfdUITestsLaunchTests.swift */ = {isa = PBXFileReference; lastKnownFileType = sourcecode.swift; path = _23455ygfdUITestsLaunchTests.swift; sourceTree = "<group>"; };
/* End PBXFileReference section */

/* Begin PBXFrameworksBuildPhase section */
		D98261712C38F8CF00C88A84 /* Frameworks */ = {
			isa = PBXFrameworksBuildPhase;
			buildActionMask = 2147483647;
			files = (
			);
			runOnlyForDeploymentPostprocessing = 0;
		};
		D98261812C38F8D100C88A84 /* Frameworks */ = {
			isa = PBXFrameworksBuildPhase;
			buildActionMask = 2147483647;
			files = (
			);
			runOnlyForDeploymentPostprocessing = 0;
		};
		D982618B2C38F8D100C88A84 /* Frameworks */ = {
			isa = PBXFrameworksBuildPhase;
			buildActionMask = 2147483647;
			files = (
			);
			runOnlyForDeploymentPostprocessing = 0;
		};
/* End PBXFrameworksBuildPhase section */

/* Begin PBXGroup section */
		D982616B2C38F8CF00C88A84 = {
			isa = PBXGroup;
			children = (
				D98261762C38F8CF00C88A84 /* 123455ygfd */,
				D98261872C38F8D100C88A84 /* 123455ygfdTests */,
				D98261912C38F8D100C88A84 /* 123455ygfdUITests */,
				D98261752C38F8CF00C88A84 /* Products */,
			);
			sourceTree = "<group>";
		};
		D98261752C38F8CF00C88A84 /* Products */ = {
			isa = PBXGroup;
			children = (
				D98261742C38F8CF00C88A84 /* 123455ygfd.app */,
				D98261842C38F8D100C88A84 /* 123455ygfdTests.xctest */,
				D982618E2C38F8D100C88A84 /* 123455ygfdUITests.xctest */,
			);
			name = Products;
			sourceTree = "<group>";
		};
		D98261762C38F8CF00C88A84 /* 123455ygfd */ = {
			isa = PBXGroup;
			children = (
				D98261772C38F8CF00C88A84 /* _23455ygfdApp.swift */,
				D98261792C38F8CF00C88A84 /* ContentView.swift */,
				D982617B2C38F8D100C88A84 /* Assets.xcassets */,
				D982617D2C38F8D100C88A84 /* Preview Content */,
			);
			path = 123455ygfd;
			sourceTree = "<group>";
		};
		D982617D2C38F8D100C88A84 /* Preview Content */ = {
			isa = PBXGroup;
			children = (
				D982617E2C38F8D100C88A84 /* Preview Assets.xcassets */,
			);
			path = "Preview Content";
			sourceTree = "<group>";
		};
		D98261872C38F8D100C88A84 /* 123455ygfdTests */ = {
			isa = PBXGroup;
			children = (
				D98261882C38F8D100C88A84 /* _23455ygfdTests.swift */,
			);
			path = 123455ygfdTests;
			sourceTree = "<group>";
		};
		D98261912C38F8D100C88A84 /* 123455ygfdUITests */ = {
			isa = PBXGroup;
			children = (
				D98261922C38F8D100C88A84 /* _23455ygfdUITests.swift */,
				D98261942C38F8D100C88A84 /* _23455ygfdUITestsLaunchTests.swift */,
			);
			path = 123455ygfdUITests;
			sourceTree = "<group>";
		};
/* End PBXGroup section */

/* Begin PBXNativeTarget section */
		D98261732C38F8CF00C88A84 /* 123455ygfd */ = {
			isa = PBXNativeTarget;
			buildConfigurationList = D98261982C38F8D100C88A84 /* Build configuration list for PBXNativeTarget "123455ygfd" */;
			buildPhases = (
				D98261702C38F8CF00C88A84 /* Sources */,
				D98261712C38F8CF00C88A84 /* Frameworks */,
				D98261722C38F8CF00C88A84 /* Resources */,
			);
			buildRules = (
			);
			dependencies = (
			);
			name = 123455ygfd;
			productName = 123455ygfd;
			productReference = D98261742C38F8CF00C88A84 /* 123455ygfd.app */;
			productType = "com.apple.product-type.application";
		};
		D98261832C38F8D100C88A84 /* 123455ygfdTests */ = {
			isa = PBXNativeTarget;
			buildConfigurationList = D982619B2C38F8D100C88A84 /* Build configuration list for PBXNativeTarget "123455ygfdTests" */;
			buildPhases = (
				D98261802C38F8D100C88A84 /* Sources */,
				D98261812C38F8D100C88A84 /* Frameworks */,
				D98261822C38F8D100C88A84 /* Resources */,
			);
			buildRules = (
			);
			dependencies = (
				D98261862C38F8D100C88A84 /* PBXTargetDependency */,
			);
			name = 123455ygfdTests;
			productName = 123455ygfdTests;
			productReference = D98261842C38F8D100C88A84 /* 123455ygfdTests.xctest */;
			productType = "com.apple.product-type.bundle.unit-test";
		};
		D982618D2C38F8D100C88A84 /* 123455ygfdUITests */ = {
			isa = PBXNativeTarget;
			buildConfigurationList = D982619E2C38F8D100C88A84 /* Build configuration list for PBXNativeTarget "123455ygfdUITests" */;
			buildPhases = (
				D982618A2C38F8D100C88A84 /* Sources */,
				D982618B2C38F8D100C88A84 /* Frameworks */,
				D982618C2C38F8D100C88A84 /* Resources */,
			);
			buildRules = (
			);
			dependencies = (
				D98261902C38F8D100C88A84 /* PBXTargetDependency */,
			);
			name = 123455ygfdUITests;
			productName = 123455ygfdUITests;
			productReference = D982618E2C38F8D100C88A84 /* 123455ygfdUITests.xctest */;
			productType = "com.apple.product-type.bundle.ui-testing";
		};
/* End PBXNativeTarget section */

/* Begin PBXProject section */
		D982616C2C38F8CF00C88A84 /* Project object */ = {
			isa = PBXProject;
			attributes = {
				BuildIndependentTargetsInParallel = 1;
				LastSwiftUpdateCheck = 1540;
				LastUpgradeCheck = 1540;
				TargetAttributes = {
					D98261732C38F8CF00C88A84 = {
						CreatedOnToolsVersion = 15.4;
					};
					D98261832C38F8D100C88A84 = {
						CreatedOnToolsVersion = 15.4;
						TestTargetID = D98261732C38F8CF00C88A84;
					};
					D982618D2C38F8D100C88A84 = {
						CreatedOnToolsVersion = 15.4;
						TestTargetID = D98261732C38F8CF00C88A84;
					};
				};
			};
			buildConfigurationList = D982616F2C38F8CF00C88A84 /* Build configuration list for PBXProject "123455ygfd" */;
			compatibilityVersion = "Xcode 14.0";
			developmentRegion = en;
			hasScannedForEncodings = 0;
			knownRegions = (
				en,
				Base,
			);
			mainGroup = D982616B2C38F8CF00C88A84;
			productRefGroup = D98261752C38F8CF00C88A84 /* Products */;
			projectDirPath = "";
			projectRoot = "";
			targets = (
				D98261732C38F8CF00C88A84 /* 123455ygfd */,
				D98261832C38F8D100C88A84 /* 123455ygfdTests */,
				D982618D2C38F8D100C88A84 /* 123455ygfdUITests */,
			);
		};
/* End PBXProject section */

/* Begin PBXResourcesBuildPhase section */
		D98261722C38F8CF00C88A84 /* Resources */ = {
			isa = PBXResourcesBuildPhase;
			buildActionMask = 2147483647;
			files = (
				D982617F2C38F8D100C88A84 /* Preview Assets.xcassets in Resources */,
				D982617C2C38F8D100C88A84 /* Assets.xcassets in Resources */,
			);
			runOnlyForDeploymentPostprocessing = 0;
		};
		D98261822C38F8D100C88A84 /* Resources */ = {
			isa = PBXResourcesBuildPhase;
			buildActionMask = 2147483647;
			files = (
			);
			runOnlyForDeploymentPostprocessing = 0;
		};
		D982618C2C38F8D100C88A84 /* Resources */ = {
			isa = PBXResourcesBuildPhase;
			buildActionMask = 2147483647;
			files = (
			);
			runOnlyForDeploymentPostprocessing = 0;
		};
/* End PBXResourcesBuildPhase section */

/* Begin PBXSourcesBuildPhase section */
		D98261702C38F8CF00C88A84 /* Sources */ = {
			isa = PBXSourcesBuildPhase;
			buildActionMask = 2147483647;
			files = (
				D982617A2C38F8CF00C88A84 /* ContentView.swift in Sources */,
				D98261782C38F8CF00C88A84 /* _23455ygfdApp.swift in Sources */,
			);
			runOnlyForDeploymentPostprocessing = 0;
		};
		D98261802C38F8D100C88A84 /* Sources */ = {
			isa = PBXSourcesBuildPhase;
			buildActionMask = 2147483647;
			files = (
				D98261892C38F8D100C88A84 /* _23455ygfdTests.swift in Sources */,
			);
			runOnlyForDeploymentPostprocessing = 0;
		};
		D982618A2C38F8D100C88A84 /* Sources */ = {
			isa = PBXSourcesBuildPhase;
			buildActionMask = 2147483647;
			files = (
				D98261952C38F8D100C88A84 /* _23455ygfdUITestsLaunchTests.swift in Sources */,
				D98261932C38F8D100C88A84 /* _23455ygfdUITests.swift in Sources */,
			);
			runOnlyForDeploymentPostprocessing = 0;
		};
/* End PBXSourcesBuildPhase section */

/* Begin PBXTargetDependency section */
		D98261862C38F8D100C88A84 /* PBXTargetDependency */ = {
			isa = PBXTargetDependency;
			target = D98261732C38F8CF00C88A84 /* 123455ygfd */;
			targetProxy = D98261852C38F8D100C88A84 /* PBXContainerItemProxy */;
		};
		D98261902C38F8D100C88A84 /* PBXTargetDependency */ = {
			isa = PBXTargetDependency;
			target = D98261732C38F8CF00C88A84 /* 123455ygfd */;
			targetProxy = D982618F2C38F8D100C88A84 /* PBXContainerItemProxy */;
		};
/* End PBXTargetDependency section */

/* Begin XCBuildConfiguration section */
		D98261962C38F8D100C88A84 /* Debug */ = {
			isa = XCBuildConfiguration;
			buildSettings = {
				ALWAYS_SEARCH_USER_PATHS = NO;
				ASSETCATALOG_COMPILER_GENERATE_SWIFT_ASSET_SYMBOL_EXTENSIONS = YES;
				CLANG_ANALYZER_NONNULL = YES;
				CLANG_ANALYZER_NUMBER_OBJECT_CONVERSION = YES_AGGRESSIVE;
				CLANG_CXX_LANGUAGE_STANDARD = "gnu++20";
				CLANG_ENABLE_MODULES = YES;
				CLANG_ENABLE_OBJC_ARC = YES;
				CLANG_ENABLE_OBJC_WEAK = YES;
				CLANG_WARN_BLOCK_CAPTURE_AUTORELEASING = YES;
				CLANG_WARN_BOOL_CONVERSION = YES;
				CLANG_WARN_COMMA = YES;
				CLANG_WARN_CONSTANT_CONVERSION = YES;
				CLANG_WARN_DEPRECATED_OBJC_IMPLEMENTATIONS = YES;
				CLANG_WARN_DIRECT_OBJC_ISA_USAGE = YES_ERROR;
				CLANG_WARN_DOCUMENTATION_COMMENTS = YES;
				CLANG_WARN_EMPTY_BODY = YES;
				CLANG_WARN_ENUM_CONVERSION = YES;
				CLANG_WARN_INFINITE_RECURSION = YES;
				CLANG_WARN_INT_CONVERSION = YES;
				CLANG_WARN_NON_LITERAL_NULL_CONVERSION = YES;
				CLANG_WARN_OBJC_IMPLICIT_RETAIN_SELF = YES;
				CLANG_WARN_OBJC_LITERAL_CONVERSION = YES;
				CLANG_WARN_OBJC_ROOT_CLASS = YES_ERROR;
				CLANG_WARN_QUOTED_INCLUDE_IN_FRAMEWORK_HEADER = YES;
				CLANG_WARN_RANGE_LOOP_ANALYSIS = YES;
				CLANG_WARN_STRICT_PROTOTYPES = YES;
				CLANG_WARN_SUSPICIOUS_MOVE = YES;
				CLANG_WARN_UNGUARDED_AVAILABILITY = YES_AGGRESSIVE;
				CLANG_WARN_UNREACHABLE_CODE = YES;
				CLANG_WARN__DUPLICATE_METHOD_MATCH = YES;
				COPY_PHASE_STRIP = NO;
				DEBUG_INFORMATION_FORMAT = dwarf;
				ENABLE_STRICT_OBJC_MSGSEND = YES;
				ENABLE_TESTABILITY = YES;
				ENABLE_USER_SCRIPT_SANDBOXING = YES;
				GCC_C_LANGUAGE_STANDARD = gnu17;
				GCC_DYNAMIC_NO_PIC = NO;
				GCC_NO_COMMON_BLOCKS = YES;
				GCC_OPTIMIZATION_LEVEL = 0;
				GCC_PREPROCESSOR_DEFINITIONS = (
					"DEBUG=1",
					"$(inherited)",
				);
				GCC_WARN_64_TO_32_BIT_CONVERSION = YES;
				GCC_WARN_ABOUT_RETURN_TYPE = YES_ERROR;
				GCC_WARN_UNDECLARED_SELECTOR = YES;
				GCC_WARN_UNINITIALIZED_AUTOS = YES_AGGRESSIVE;
				GCC_WARN_UNUSED_FUNCTION = YES;
				GCC_WARN_UNUSED_VARIABLE = YES;
				IPHONEOS_DEPLOYMENT_TARGET = 17.5;
				LOCALIZATION_PREFERS_STRING_CATALOGS = YES;
				MTL_ENABLE_DEBUG_INFO = INCLUDE_SOURCE;
				MTL_FAST_MATH = YES;
				ONLY_ACTIVE_ARCH = YES;
				SDKROOT = iphoneos;
				SWIFT_ACTIVE_COMPILATION_CONDITIONS = "DEBUG $(inherited)";
				SWIFT_OPTIMIZATION_LEVEL = "-Onone";
			};
			name = Debug;
		};
		D98261972C38F8D100C88A84 /* Release */ = {
			isa = XCBuildConfiguration;
			buildSettings = {
				ALWAYS_SEARCH_USER_PATHS = NO;
				ASSETCATALOG_COMPILER_GENERATE_SWIFT_ASSET_SYMBOL_EXTENSIONS = YES;
				CLANG_ANALYZER_NONNULL = YES;
				CLANG_ANALYZER_NUMBER_OBJECT_CONVERSION = YES_AGGRESSIVE;
				CLANG_CXX_LANGUAGE_STANDARD = "gnu++20";
				CLANG_ENABLE_MODULES = YES;
				CLANG_ENABLE_OBJC_ARC = YES;
				CLANG_ENABLE_OBJC_WEAK = YES;
				CLANG_WARN_BLOCK_CAPTURE_AUTORELEASING = YES;
				CLANG_WARN_BOOL_CONVERSION = YES;
				CLANG_WARN_COMMA = YES;
				CLANG_WARN_CONSTANT_CONVERSION = YES;
				CLANG_WARN_DEPRECATED_OBJC_IMPLEMENTATIONS = YES;
				CLANG_WARN_DIRECT_OBJC_ISA_USAGE = YES_ERROR;
				CLANG_WARN_DOCUMENTATION_COMMENTS = YES;
				CLANG_WARN_EMPTY_BODY = YES;
				CLANG_WARN_ENUM_CONVERSION = YES;
				CLANG_WARN_INFINITE_RECURSION = YES;
				CLANG_WARN_INT_CONVERSION = YES;
				CLANG_WARN_NON_LITERAL_NULL_CONVERSION = YES;
				CLANG_WARN_OBJC_IMPLICIT_RETAIN_SELF = YES;
				CLANG_WARN_OBJC_LITERAL_CONVERSION = YES;
				CLANG_WARN_OBJC_ROOT_CLASS = YES_ERROR;
				CLANG_WARN_QUOTED_INCLUDE_IN_FRAMEWORK_HEADER = YES;
				CLANG_WARN_RANGE_LOOP_ANALYSIS = YES;
				CLANG_WARN_STRICT_PROTOTYPES = YES;
				CLANG_WARN_SUSPICIOUS_MOVE = YES;
				CLANG_WARN_UNGUARDED_AVAILABILITY = YES_AGGRESSIVE;
				CLANG_WARN_UNREACHABLE_CODE = YES;
				CLANG_WARN__DUPLICATE_METHOD_MATCH = YES;
				COPY_PHASE_STRIP = NO;
				DEBUG_INFORMATION_FORMAT = "dwarf-with-dsym";
				ENABLE_NS_ASSERTIONS = NO;
				ENABLE_STRICT_OBJC_MSGSEND = YES;
				ENABLE_USER_SCRIPT_SANDBOXING = YES;
				GCC_C_LANGUAGE_STANDARD = gnu17;
				GCC_NO_COMMON_BLOCKS = YES;
				GCC_WARN_64_TO_32_BIT_CONVERSION = YES;
				GCC_WARN_ABOUT_RETURN_TYPE = YES_ERROR;
				GCC_WARN_UNDECLARED_SELECTOR = YES;
				GCC_WARN_UNINITIALIZED_AUTOS = YES_AGGRESSIVE;
				GCC_WARN_UNUSED_FUNCTION = YES;
				GCC_WARN_UNUSED_VARIABLE = YES;
				IPHONEOS_DEPLOYMENT_TARGET = 17.5;
				LOCALIZATION_PREFERS_STRING_CATALOGS = YES;
				MTL_ENABLE_DEBUG_INFO = NO;
				MTL_FAST_MATH = YES;
				SDKROOT = iphoneos;
				SWIFT_COMPILATION_MODE = wholemodule;
				VALIDATE_PRODUCT = YES;
			};
			name = Release;
		};
		D98261992C38F8D100C88A84 /* Debug */ = {
			isa = XCBuildConfiguration;
			buildSettings = {
				ASSETCATALOG_COMPILER_APPICON_NAME = AppIcon;
				ASSETCATALOG_COMPILER_GLOBAL_ACCENT_COLOR_NAME = AccentColor;
				CODE_SIGN_STYLE = Automatic;
				CURRENT_PROJECT_VERSION = 1;
				DEVELOPMENT_ASSET_PATHS = "\"123455ygfd/Preview Content\"";
				ENABLE_PREVIEWS = YES;
				GENERATE_INFOPLIST_FILE = YES;
				INFOPLIST_KEY_UIApplicationSceneManifest_Generation = YES;
				INFOPLIST_KEY_UIApplicationSupportsIndirectInputEvents = YES;
				INFOPLIST_KEY_UILaunchScreen_Generation = YES;
				INFOPLIST_KEY_UISupportedInterfaceOrientations_iPad = "UIInterfaceOrientationPortrait UIInterfaceOrientationPortraitUpsideDown UIInterfaceOrientationLandscapeLeft UIInterfaceOrientationLandscapeRight";
				INFOPLIST_KEY_UISupportedInterfaceOrientations_iPhone = "UIInterfaceOrientationPortrait UIInterfaceOrientationLandscapeLeft UIInterfaceOrientationLandscapeRight";
				LD_RUNPATH_SEARCH_PATHS = (
					"$(inherited)",
					"@executable_path/Frameworks",
				);
				MARKETING_VERSION = 1.0;
				PRODUCT_BUNDLE_IDENTIFIER = "santosh.-23455ygfd";
				PRODUCT_NAME = "$(TARGET_NAME)";
				SWIFT_EMIT_LOC_STRINGS = YES;
				SWIFT_VERSION = 5.0;
				TARGETED_DEVICE_FAMILY = "1,2";
			};
			name = Debug;
		};
		D982619A2C38F8D100C88A84 /* Release */ = {
			isa = XCBuildConfiguration;
			buildSettings = {
				ASSETCATALOG_COMPILER_APPICON_NAME = AppIcon;
				ASSETCATALOG_COMPILER_GLOBAL_ACCENT_COLOR_NAME = AccentColor;
				CODE_SIGN_STYLE = Automatic;
				CURRENT_PROJECT_VERSION = 1;
				DEVELOPMENT_ASSET_PATHS = "\"123455ygfd/Preview Content\"";
				ENABLE_PREVIEWS = YES;
				GENERATE_INFOPLIST_FILE = YES;
				INFOPLIST_KEY_UIApplicationSceneManifest_Generation = YES;
				INFOPLIST_KEY_UIApplicationSupportsIndirectInputEvents = YES;
				INFOPLIST_KEY_UILaunchScreen_Generation = YES;
				INFOPLIST_KEY_UISupportedInterfaceOrientations_iPad = "UIInterfaceOrientationPortrait UIInterfaceOrientationPortraitUpsideDown UIInterfaceOrientationLandscapeLeft UIInterfaceOrientationLandscapeRight";
				INFOPLIST_KEY_UISupportedInterfaceOrientations_iPhone = "UIInterfaceOrientationPortrait UIInterfaceOrientationLandscapeLeft UIInterfaceOrientationLandscapeRight";
				LD_RUNPATH_SEARCH_PATHS = (
					"$(inherited)",
					"@executable_path/Frameworks",
				);
				MARKETING_VERSION = 1.0;
				PRODUCT_BUNDLE_IDENTIFIER = "santosh.-23455ygfd";
				PRODUCT_NAME = "$(TARGET_NAME)";
				SWIFT_EMIT_LOC_STRINGS = YES;
				SWIFT_VERSION = 5.0;
				TARGETED_DEVICE_FAMILY = "1,2";
			};
			name = Release;
		};
		D982619C2C38F8D100C88A84 /* Debug */ = {
			isa = XCBuildConfiguration;
			buildSettings = {
				ALWAYS_EMBED_SWIFT_STANDARD_LIBRARIES = YES;
				BUNDLE_LOADER = "$(TEST_HOST)";
				CODE_SIGN_STYLE = Automatic;
				CURRENT_PROJECT_VERSION = 1;
				GENERATE_INFOPLIST_FILE = YES;
				IPHONEOS_DEPLOYMENT_TARGET = 17.5;
				MARKETING_VERSION = 1.0;
				PRODUCT_BUNDLE_IDENTIFIER = "santosh.-23455ygfdTests";
				PRODUCT_NAME = "$(TARGET_NAME)";
				SWIFT_EMIT_LOC_STRINGS = NO;
				SWIFT_VERSION = 5.0;
				TARGETED_DEVICE_FAMILY = "1,2";
				TEST_HOST = "$(BUILT_PRODUCTS_DIR)/123455ygfd.app/$(BUNDLE_EXECUTABLE_FOLDER_PATH)/123455ygfd";
			};
			name = Debug;
		};
		D982619D2C38F8D100C88A84 /* Release */ = {
			isa = XCBuildConfiguration;
			buildSettings = {
				ALWAYS_EMBED_SWIFT_STANDARD_LIBRARIES = YES;
				BUNDLE_LOADER = "$(TEST_HOST)";
				CODE_SIGN_STYLE = Automatic;
				CURRENT_PROJECT_VERSION = 1;
				GENERATE_INFOPLIST_FILE = YES;
				IPHONEOS_DEPLOYMENT_TARGET = 17.5;
				MARKETING_VERSION = 1.0;
				PRODUCT_BUNDLE_IDENTIFIER = "santosh.-23455ygfdTests";
				PRODUCT_NAME = "$(TARGET_NAME)";
				SWIFT_EMIT_LOC_STRINGS = NO;
				SWIFT_VERSION = 5.0;
				TARGETED_DEVICE_FAMILY = "1,2";
				TEST_HOST = "$(BUILT_PRODUCTS_DIR)/123455ygfd.app/$(BUNDLE_EXECUTABLE_FOLDER_PATH)/123455ygfd";
			};
			name = Release;
		};
		D982619F2C38F8D100C88A84 /* Debug */ = {
			isa = XCBuildConfiguration;
			buildSettings = {
				ALWAYS_EMBED_SWIFT_STANDARD_LIBRARIES = YES;
				CODE_SIGN_STYLE = Automatic;
				CURRENT_PROJECT_VERSION = 1;
				GENERATE_INFOPLIST_FILE = YES;
				MARKETING_VERSION = 1.0;
				PRODUCT_BUNDLE_IDENTIFIER = "santosh.-23455ygfdUITests";
				PRODUCT_NAME = "$(TARGET_NAME)";
				SWIFT_EMIT_LOC_STRINGS = NO;
				SWIFT_VERSION = 5.0;
				TARGETED_DEVICE_FAMILY = "1,2";
				TEST_TARGET_NAME = 123455ygfd;
			};
			name = Debug;
		};
		D98261A02C38F8D100C88A84 /* Release */ = {
			isa = XCBuildConfiguration;
			buildSettings = {
				ALWAYS_EMBED_SWIFT_STANDARD_LIBRARIES = YES;
				CODE_SIGN_STYLE = Automatic;
				CURRENT_PROJECT_VERSION = 1;
				GENERATE_INFOPLIST_FILE = YES;
				MARKETING_VERSION = 1.0;
				PRODUCT_BUNDLE_IDENTIFIER = "santosh.-23455ygfdUITests";
				PRODUCT_NAME = "$(TARGET_NAME)";
				SWIFT_EMIT_LOC_STRINGS = NO;
				SWIFT_VERSION = 5.0;
				TARGETED_DEVICE_FAMILY = "1,2";
				TEST_TARGET_NAME = 123455ygfd;
			};
			name = Release;
		};
/* End XCBuildConfiguration section */

/* Begin XCConfigurationList section */
		D982616F2C38F8CF00C88A84 /* Build configuration list for PBXProject "123455ygfd" */ = {
			isa = XCConfigurationList;
			buildConfigurations = (
				D98261962C38F8D100C88A84 /* Debug */,
				D98261972C38F8D100C88A84 /* Release */,
			);
			defaultConfigurationIsVisible = 0;
			defaultConfigurationName = Release;
		};
		D98261982C38F8D100C88A84 /* Build configuration list for PBXNativeTarget "123455ygfd" */ = {
			isa = XCConfigurationList;
			buildConfigurations = (
				D98261992C38F8D100C88A84 /* Debug */,
				D982619A2C38F8D100C88A84 /* Release */,
			);
			defaultConfigurationIsVisible = 0;
			defaultConfigurationName = Release;
		};
		D982619B2C38F8D100C88A84 /* Build configuration list for PBXNativeTarget "123455ygfdTests" */ = {
			isa = XCConfigurationList;
			buildConfigurations = (
				D982619C2C38F8D100C88A84 /* Debug */,
				D982619D2C38F8D100C88A84 /* Release */,
			);
			defaultConfigurationIsVisible = 0;
			defaultConfigurationName = Release;
		};
		D982619E2C38F8D100C88A84 /* Build configuration list for PBXNativeTarget "123455ygfdUITests" */ = {
			isa = XCConfigurationList;
			buildConfigurations = (
				D982619F2C38F8D100C88A84 /* Debug */,
				D98261A02C38F8D100C88A84 /* Release */,
			);
			defaultConfigurationIsVisible = 0;
			defaultConfigurationName = Release;
		};
/* End XCConfigurationList section */
	};
	rootObject = D982616C2C38F8CF00C88A84 /* Project object */;
}
